
Microsoft Visual Studio Solution File, Format Version 12.00
# Visual Studio Version 17
VisualStudioVersion = 17.3.32922.545
MinimumVisualStudioVersion = 10.0.40219.1
Project("{FAE04EC0-301F-11D3-BF4B-00C04F79EFBC}") = "SudokuApplication", "SudokuApplication\SudokuApplication.csproj", "{874B4361-C2BD-42D6-A51B-CF9AA78BEE5E}"
EndProject
Global
	GlobalSection(SolutionConfigurationPlatforms) = preSolution
		Debug|Any CPU = Debug|Any CPU
		Release|Any CPU = Release|Any CPU
	EndGlobalSection
	GlobalSection(ProjectConfigurationPlatforms) = postSolution
		{874B4361-C2BD-42D6-A51B-CF9AA78BEE5E}.Debug|Any CPU.ActiveCfg = Debug|Any CPU
		{874B4361-C2BD-42D6-A51B-CF9AA78BEE5E}.Debug|Any CPU.Build.0 = Debug|Any CPU
		{874B4361-C2BD-42D6-A51B-CF9AA78BEE5E}.Release|Any CPU.ActiveCfg = Release|Any CPU
		{874B4361-C2BD-42D6-A51B-CF9AA78BEE5E}.Release|Any CPU.Build.0 = Release|Any CPU
	EndGlobalSection
	GlobalSection(SolutionProperties) = preSolution
		HideSolutionNode = FALSE
	EndGlobalSection
	GlobalSection(ExtensibilityGlobals) = postSolution
		SolutionGuid = {B6AC5C69-0890-483D-AEFB-0CFF2F38EC68}
	EndGlobalSection
EndGlobal
